// !$*UTF8*$!
{
	archiveVersion = 1;
	classes = {
	};
	objectVersion = 56;
	objects = {

/* Begin PBXBuildFile section */
		6BF767CD2E6C7AE100B53283 /* Ready_nativeApp.swift in Sources */ = {isa = PBXBuildFile; fileRef = 6BF767CC2E6C7AE100B53283 /* Ready_nativeApp.swift */; };
		6BF767CF2E6C7AE100B53283 /* ContentView.swift in Sources */ = {isa = PBXBuildFile; fileRef = 6BF767CE2E6C7AE100B53283 /* ContentView.swift */; };
		6BF767D12E6C7AE300B53283 /* Assets.xcassets in Resources */ = {isa = PBXBuildFile; fileRef = 6BF767D02E6C7AE300B53283 /* Assets.xcassets */; };
		6BF767D42E6C7AE300B53283 /* Preview Assets.xcassets in Resources */ = {isa = PBXBuildFile; fileRef = 6BF767D32E6C7AE300B53283 /* Preview Assets.xcassets */; };
		6BF767DF2E6C7AE300B53283 /* Ready_nativeTests.swift in Sources */ = {isa = PBXBuildFile; fileRef = 6BF767DE2E6C7AE300B53283 /* Ready_nativeTests.swift */; };
		6BF767E92E6C7AE300B53283 /* Ready_nativeUITests.swift in Sources */ = {isa = PBXBuildFile; fileRef = 6BF767E82E6C7AE300B53283 /* Ready_nativeUITests.swift */; };
		6BF767EB2E6C7AE300B53283 /* Ready_nativeUITestsLaunchTests.swift in Sources */ = {isa = PBXBuildFile; fileRef = 6BF767EA2E6C7AE300B53283 /* Ready_nativeUITestsLaunchTests.swift */; };
		6BF767FB2E6C7AE500B53283 /* LeftPanel.swift in Sources */ = {isa = PBXBuildFile; fileRef = 6BF767F72E6C7AE500B53283 /* LeftPanel.swift */; };
		6BF767FC2E6C7AE500B53283 /* MiddlePanel.swift in Sources */ = {isa = PBXBuildFile; fileRef = 6BF767F82E6C7AE500B53283 /* MiddlePanel.swift */; };
		6BF767FD2E6C7AE500B53283 /* RightPanel.swift in Sources */ = {isa = PBXBuildFile; fileRef = 6BF767F92E6C7AE500B53283 /* RightPanel.swift */; };
		6BF767FE2E6C7AE500B53283 /* NavigationItem.swift in Sources */ = {isa = PBXBuildFile; fileRef = 6BF767FA2E6C7AE500B53283 /* NavigationItem.swift */; };
		8FB2FF2BA24341FFABAFD034 /* TaskList.swift in Sources */ = {isa = PBXBuildFile; fileRef = 8FB2FF2BA24341FFABAFD035 /* TaskList.swift */; };
		70720F6866654CAEAB6C6D1B /* AddTaskSheet.swift in Sources */ = {isa = PBXBuildFile; fileRef = 70720F6866654CAEAB6C6D1C /* AddTaskSheet.swift */; };
		30DB2B7004574D2380892CCD /* TaskViewModel.swift in Sources */ = {isa = PBXBuildFile; fileRef = 30DB2B7004574D2380892CCE /* TaskViewModel.swift */; };
		6BF998122E70BD14007554DC /* GRDB in Frameworks */ = {isa = PBXBuildFile; productRef = 6BF998112E70BD14007554DC /* GRDB */; };
		6BF998142E70BD8B007554DC /* AppInitializationService.swift in Sources */ = {isa = PBXBuildFile; fileRef = 6BF998132E70BD8B007554DC /* AppInitializationService.swift */; };
		6BF998172E70BDC6007554DC /* DatabaseService.swift in Sources */ = {isa = PBXBuildFile; fileRef = 6BF998152E70BDC6007554DC /* DatabaseService.swift */; };
		6BF998182E70BDC6007554DC /* DataMigrationService.swift in Sources */ = {isa = PBXBuildFile; fileRef = 6BF998162E70BDC6007554DC /* DataMigrationService.swift */; };
		6BF9981D2E70BDDD007554DC /* SupportingModels.swift in Sources */ = {isa = PBXBuildFile; fileRef = 6BF998192E70BDDD007554DC /* SupportingModels.swift */; };
		6BF9981E2E70BDDD007554DC /* Task.swift in Sources */ = {isa = PBXBuildFile; fileRef = 6BF9981A2E70BDDD007554DC /* Task.swift */; };
		6BF9981F2E70BDDD007554DC /* CalendarEvent.swift in Sources */ = {isa = PBXBuildFile; fileRef = 6BF9981B2E70BDDD007554DC /* CalendarEvent.swift */; };
		6BF998202E70BDDD007554DC /* Message.swift in Sources */ = {isa = PBXBuildFile; fileRef = 6BF9981C2E70BDDD007554DC /* Message.swift */; };
/* End PBXBuildFile section */

/* Begin PBXContainerItemProxy section */
		6BF767DB2E6C7AE300B53283 /* PBXContainerItemProxy */ = {
			isa = PBXContainerItemProxy;
			containerPortal = 6BF767C12E6C7AE100B53283 /* Project object */;
			proxyType = 1;
			remoteGlobalIDString = 6BF767C82E6C7AE100B53283;
			remoteInfo = "Ready-native";
		};
		6BF767E52E6C7AE300B53283 /* PBXContainerItemProxy */ = {
			isa = PBXContainerItemProxy;
			containerPortal = 6BF767C12E6C7AE100B53283 /* Project object */;
			proxyType = 1;
			remoteGlobalIDString = 6BF767C82E6C7AE100B53283;
			remoteInfo = "Ready-native";
		};
/* End PBXContainerItemProxy section */

/* Begin PBXFileReference section */
		6BF767C92E6C7AE100B53283 /* Ready-native.app */ = {isa = PBXFileReference; explicitFileType = wrapper.application; includeInIndex = 0; name = "Ready-native.app"; path = Ready.app; sourceTree = BUILT_PRODUCTS_DIR; };
		6BF767CC2E6C7AE100B53283 /* Ready_nativeApp.swift */ = {isa = PBXFileReference; lastKnownFileType = sourcecode.swift; path = Ready_nativeApp.swift; sourceTree = "<group>"; };
		6BF767CE2E6C7AE100B53283 /* ContentView.swift */ = {isa = PBXFileReference; lastKnownFileType = sourcecode.swift; path = ContentView.swift; sourceTree = "<group>"; };
		6BF767D02E6C7AE300B53283 /* Assets.xcassets */ = {isa = PBXFileReference; lastKnownFileType = folder.assetcatalog; path = Assets.xcassets; sourceTree = "<group>"; };
		6BF767D32E6C7AE300B53283 /* Preview Assets.xcassets */ = {isa = PBXFileReference; lastKnownFileType = folder.assetcatalog; path = "Preview Assets.xcassets"; sourceTree = "<group>"; };
		6BF767D52E6C7AE300B53283 /* Ready_native.entitlements */ = {isa = PBXFileReference; lastKnownFileType = text.plist.entitlements; path = Ready_native.entitlements; sourceTree = "<group>"; };
		6BF767DA2E6C7AE300B53283 /* Ready-nativeTests.xctest */ = {isa = PBXFileReference; explicitFileType = wrapper.cfbundle; includeInIndex = 0; path = "Ready-nativeTests.xctest"; sourceTree = BUILT_PRODUCTS_DIR; };
		6BF767DE2E6C7AE300B53283 /* Ready_nativeTests.swift */ = {isa = PBXFileReference; lastKnownFileType = sourcecode.swift; path = Ready_nativeTests.swift; sourceTree = "<group>"; };
		6BF767E42E6C7AE300B53283 /* Ready-nativeUITests.xctest */ = {isa = PBXFileReference; explicitFileType = wrapper.cfbundle; includeInIndex = 0; path = "Ready-nativeUITests.xctest"; sourceTree = BUILT_PRODUCTS_DIR; };
		6BF767E82E6C7AE300B53283 /* Ready_nativeUITests.swift */ = {isa = PBXFileReference; lastKnownFileType = sourcecode.swift; path = Ready_nativeUITests.swift; sourceTree = "<group>"; };
		6BF767EA2E6C7AE300B53283 /* Ready_nativeUITestsLaunchTests.swift */ = {isa = PBXFileReference; lastKnownFileType = sourcecode.swift; path = Ready_nativeUITestsLaunchTests.swift; sourceTree = "<group>"; };
		6BF767F72E6C7AE500B53283 /* LeftPanel.swift */ = {isa = PBXFileReference; lastKnownFileType = sourcecode.swift; path = LeftPanel.swift; sourceTree = "<group>"; };
		6BF767F82E6C7AE500B53283 /* MiddlePanel.swift */ = {isa = PBXFileReference; lastKnownFileType = sourcecode.swift; path = MiddlePanel.swift; sourceTree = "<group>"; };
		6BF767F92E6C7AE500B53283 /* RightPanel.swift */ = {isa = PBXFileReference; lastKnownFileType = sourcecode.swift; path = RightPanel.swift; sourceTree = "<group>"; };
		6BF767FA2E6C7AE500B53283 /* NavigationItem.swift */ = {isa = PBXFileReference; lastKnownFileType = sourcecode.swift; path = NavigationItem.swift; sourceTree = "<group>"; };
		8FB2FF2BA24341FFABAFD035 /* TaskList.swift */ = {isa = PBXFileReference; lastKnownFileType = sourcecode.swift; path = TaskList.swift; sourceTree = "<group>"; };
		70720F6866654CAEAB6C6D1C /* AddTaskSheet.swift */ = {isa = PBXFileReference; lastKnownFileType = sourcecode.swift; path = AddTaskSheet.swift; sourceTree = "<group>"; };
		30DB2B7004574D2380892CCE /* TaskViewModel.swift */ = {isa = PBXFileReference; lastKnownFileType = sourcecode.swift; path = TaskViewModel.swift; sourceTree = "<group>"; };
		6BF998132E70BD8B007554DC /* AppInitializationService.swift */ = {isa = PBXFileReference; fileEncoding = 4; lastKnownFileType = sourcecode.swift; name = AppInitializationService.swift; path = "Ready-native/Services/AppInitializationService.swift"; sourceTree = "<group>"; };
		6BF998152E70BDC6007554DC /* DatabaseService.swift */ = {isa = PBXFileReference; fileEncoding = 4; lastKnownFileType = sourcecode.swift; name = DatabaseService.swift; path = "Ready-native/Services/DatabaseService.swift"; sourceTree = "<group>"; };
		6BF998162E70BDC6007554DC /* DataMigrationService.swift */ = {isa = PBXFileReference; fileEncoding = 4; lastKnownFileType = sourcecode.swift; name = DataMigrationService.swift; path = "Ready-native/Services/DataMigrationService.swift"; sourceTree = "<group>"; };
		6BF998192E70BDDD007554DC /* SupportingModels.swift */ = {isa = PBXFileReference; fileEncoding = 4; lastKnownFileType = sourcecode.swift; name = SupportingModels.swift; path = "Ready-native/Models/SupportingModels.swift"; sourceTree = "<group>"; };
		6BF9981A2E70BDDD007554DC /* Task.swift */ = {isa = PBXFileReference; fileEncoding = 4; lastKnownFileType = sourcecode.swift; name = Task.swift; path = "Ready-native/Models/Task.swift"; sourceTree = "<group>"; };
		6BF9981B2E70BDDD007554DC /* CalendarEvent.swift */ = {isa = PBXFileReference; fileEncoding = 4; lastKnownFileType = sourcecode.swift; name = CalendarEvent.swift; path = "Ready-native/Models/CalendarEvent.swift"; sourceTree = "<group>"; };
		6BF9981C2E70BDDD007554DC /* Message.swift */ = {isa = PBXFileReference; fileEncoding = 4; lastKnownFileType = sourcecode.swift; name = Message.swift; path = "Ready-native/Models/Message.swift"; sourceTree = "<group>"; };
/* End PBXFileReference section */

/* Begin PBXFrameworksBuildPhase section */
		6BF767C62E6C7AE100B53283 /* Frameworks */ = {
			isa = PBXFrameworksBuildPhase;
			buildActionMask = 2147483647;
			files = (
				6BF998122E70BD14007554DC /* GRDB in Frameworks */,
			);
			runOnlyForDeploymentPostprocessing = 0;
		};
		6BF767D72E6C7AE300B53283 /* Frameworks */ = {
			isa = PBXFrameworksBuildPhase;
			buildActionMask = 2147483647;
			files = (
			);
			runOnlyForDeploymentPostprocessing = 0;
		};
		6BF767E12E6C7AE300B53283 /* Frameworks */ = {
			isa = PBXFrameworksBuildPhase;
			buildActionMask = 2147483647;
			files = (
			);
			runOnlyForDeploymentPostprocessing = 0;
		};
/* End PBXFrameworksBuildPhase section */

/* Begin PBXGroup section */
		6BF767C02E6C7AE100B53283 = {
			isa = PBXGroup;
			children = (
				6BF9981B2E70BDDD007554DC /* CalendarEvent.swift */,
				6BF9981C2E70BDDD007554DC /* Message.swift */,
				6BF998192E70BDDD007554DC /* SupportingModels.swift */,
				6BF9981A2E70BDDD007554DC /* Task.swift */,
				6BF998152E70BDC6007554DC /* DatabaseService.swift */,
				6BF998162E70BDC6007554DC /* DataMigrationService.swift */,
				6BF998132E70BD8B007554DC /* AppInitializationService.swift */,
				6BF767CB2E6C7AE100B53283 /* Ready-native */,
				6BF767DD2E6C7AE300B53283 /* Ready-nativeTests */,
				6BF767E72E6C7AE300B53283 /* Ready-nativeUITests */,
				6BF767CA2E6C7AE100B53283 /* Products */,
			);
			sourceTree = "<group>";
		};
		6BF767CA2E6C7AE100B53283 /* Products */ = {
			isa = PBXGroup;
			children = (
				6BF767C92E6C7AE100B53283 /* Ready-native.app */,
				6BF767DA2E6C7AE300B53283 /* Ready-nativeTests.xctest */,
				6BF767E42E6C7AE300B53283 /* Ready-nativeUITests.xctest */,
			);
			name = Products;
			sourceTree = "<group>";
		};
		6BF767CB2E6C7AE100B53283 /* Ready-native */ = {
			isa = PBXGroup;
			children = (
				6BF767CC2E6C7AE100B53283 /* Ready_nativeApp.swift */,
				6BF767CE2E6C7AE100B53283 /* ContentView.swift */,
				6BF767FF2E6C7AE500B53283 /* Components */,
				6BF767D02E6C7AE300B53283 /* Assets.xcassets */,
				6BF767D52E6C7AE300B53283 /* Ready_native.entitlements */,
				6BF767D22E6C7AE300B53283 /* Preview Content */,
			);
			path = "Ready-native";
			sourceTree = "<group>";
		};
		6BF767D22E6C7AE300B53283 /* Preview Content */ = {
			isa = PBXGroup;
			children = (
				6BF767D32E6C7AE300B53283 /* Preview Assets.xcassets */,
			);
			path = "Preview Content";
			sourceTree = "<group>";
		};
		6BF767DD2E6C7AE300B53283 /* Ready-nativeTests */ = {
			isa = PBXGroup;
			children = (
				6BF767DE2E6C7AE300B53283 /* Ready_nativeTests.swift */,
			);
			path = "Ready-nativeTests";
			sourceTree = "<group>";
		};
		6BF767E72E6C7AE300B53283 /* Ready-nativeUITests */ = {
			isa = PBXGroup;
			children = (
				6BF767E82E6C7AE300B53283 /* Ready_nativeUITests.swift */,
				6BF767EA2E6C7AE300B53283 /* Ready_nativeUITestsLaunchTests.swift */,
			);
			path = "Ready-nativeUITests";
			sourceTree = "<group>";
		};
		6BF767FF2E6C7AE500B53283 /* Components */ = {
			isa = PBXGroup;
			children = (
				6BF767F72E6C7AE500B53283 /* LeftPanel.swift */,
				6BF767F82E6C7AE500B53283 /* MiddlePanel.swift */,
				6BF767F92E6C7AE500B53283 /* RightPanel.swift */,
				6BF767FA2E6C7AE500B53283 /* NavigationItem.swift */,
				8FB2FF2BA24341FFABAFD035 /* TaskList.swift */,
				70720F6866654CAEAB6C6D1C /* AddTaskSheet.swift */,
				30DB2B7004574D2380892CCE /* TaskViewModel.swift */,
			);
			path = Components;
			sourceTree = "<group>";
		};
/* End PBXGroup section */

/* Begin PBXNativeTarget section */
		6BF767C82E6C7AE100B53283 /* Ready-native */ = {
			isa = PBXNativeTarget;
			buildConfigurationList = 6BF767EE2E6C7AE400B53283 /* Build configuration list for PBXNativeTarget "Ready-native" */;
			buildPhases = (
				6BF767C52E6C7AE100B53283 /* Sources */,
				6BF767C62E6C7AE100B53283 /* Frameworks */,
				6BF767C72E6C7AE100B53283 /* Resources */,
			);
			buildRules = (
			);
			dependencies = (
			);
			name = "Ready-native";
			packageProductDependencies = (
				6BF998112E70BD14007554DC /* GRDB */,
			);
			productName = "Ready-native";
			productReference = 6BF767C92E6C7AE100B53283 /* Ready-native.app */;
			productType = "com.apple.product-type.application";
		};
		6BF767D92E6C7AE300B53283 /* Ready-nativeTests */ = {
			isa = PBXNativeTarget;
			buildConfigurationList = 6BF767F12E6C7AE400B53283 /* Build configuration list for PBXNativeTarget "Ready-nativeTests" */;
			buildPhases = (
				6BF767D62E6C7AE300B53283 /* Sources */,
				6BF767D72E6C7AE300B53283 /* Frameworks */,
				6BF767D82E6C7AE300B53283 /* Resources */,
			);
			buildRules = (
			);
			dependencies = (
				6BF767DC2E6C7AE300B53283 /* PBXTargetDependency */,
			);
			name = "Ready-nativeTests";
			productName = "Ready-nativeTests";
			productReference = 6BF767DA2E6C7AE300B53283 /* Ready-nativeTests.xctest */;
			productType = "com.apple.product-type.bundle.unit-test";
		};
		6BF767E32E6C7AE300B53283 /* Ready-nativeUITests */ = {
			isa = PBXNativeTarget;
			buildConfigurationList = 6BF767F42E6C7AE400B53283 /* Build configuration list for PBXNativeTarget "Ready-nativeUITests" */;
			buildPhases = (
				6BF767E02E6C7AE300B53283 /* Sources */,
				6BF767E12E6C7AE300B53283 /* Frameworks */,
				6BF767E22E6C7AE300B53283 /* Resources */,
			);
			buildRules = (
			);
			dependencies = (
				6BF767E62E6C7AE300B53283 /* PBXTargetDependency */,
			);
			name = "Ready-nativeUITests";
			productName = "Ready-nativeUITests";
			productReference = 6BF767E42E6C7AE300B53283 /* Ready-nativeUITests.xctest */;
			productType = "com.apple.product-type.bundle.ui-testing";
		};
/* End PBXNativeTarget section */

/* Begin PBXProject section */
		6BF767C12E6C7AE100B53283 /* Project object */ = {
			isa = PBXProject;
			attributes = {
				BuildIndependentTargetsInParallel = 1;
				LastSwiftUpdateCheck = 1540;
				LastUpgradeCheck = 1540;
				TargetAttributes = {
					6BF767C82E6C7AE100B53283 = {
						CreatedOnToolsVersion = 15.4;
					};
					6BF767D92E6C7AE300B53283 = {
						CreatedOnToolsVersion = 15.4;
						TestTargetID = 6BF767C82E6C7AE100B53283;
					};
					6BF767E32E6C7AE300B53283 = {
						CreatedOnToolsVersion = 15.4;
						TestTargetID = 6BF767C82E6C7AE100B53283;
					};
				};
			};
			buildConfigurationList = 6BF767C42E6C7AE100B53283 /* Build configuration list for PBXProject "Ready-native" */;
			compatibilityVersion = "Xcode 14.0";
			developmentRegion = en;
			hasScannedForEncodings = 0;
			knownRegions = (
				en,
				Base,
			);
			mainGroup = 6BF767C02E6C7AE100B53283;
			packageReferences = (
				6BF998102E70BD14007554DC /* XCRemoteSwiftPackageReference "GRDB.swift" */,
			);
			productRefGroup = 6BF767CA2E6C7AE100B53283 /* Products */;
			projectDirPath = "";
			projectRoot = "";
			targets = (
				6BF767C82E6C7AE100B53283 /* Ready-native */,
				6BF767D92E6C7AE300B53283 /* Ready-nativeTests */,
				6BF767E32E6C7AE300B53283 /* Ready-nativeUITests */,
			);
		};
/* End PBXProject section */

/* Begin PBXResourcesBuildPhase section */
		6BF767C72E6C7AE100B53283 /* Resources */ = {
			isa = PBXResourcesBuildPhase;
			buildActionMask = 2147483647;
			files = (
				6BF767D42E6C7AE300B53283 /* Preview Assets.xcassets in Resources */,
				6BF767D12E6C7AE300B53283 /* Assets.xcassets in Resources */,
			);
			runOnlyForDeploymentPostprocessing = 0;
		};
		6BF767D82E6C7AE300B53283 /* Resources */ = {
			isa = PBXResourcesBuildPhase;
			buildActionMask = 2147483647;
			files = (
			);
			runOnlyForDeploymentPostprocessing = 0;
		};
		6BF767E22E6C7AE300B53283 /* Resources */ = {
			isa = PBXResourcesBuildPhase;
			buildActionMask = 2147483647;
			files = (
			);
			runOnlyForDeploymentPostprocessing = 0;
		};
/* End PBXResourcesBuildPhase section */

/* Begin PBXSourcesBuildPhase section */
		6BF767C52E6C7AE100B53283 /* Sources */ = {
			isa = PBXSourcesBuildPhase;
			buildActionMask = 2147483647;
			files = (
				6BF9981D2E70BDDD007554DC /* SupportingModels.swift in Sources */,
				6BF998142E70BD8B007554DC /* AppInitializationService.swift in Sources */,
				6BF767CF2E6C7AE100B53283 /* ContentView.swift in Sources */,
				6BF998182E70BDC6007554DC /* DataMigrationService.swift in Sources */,
				6BF9981E2E70BDDD007554DC /* Task.swift in Sources */,
				6BF767CD2E6C7AE100B53283 /* Ready_nativeApp.swift in Sources */,
				6BF767FB2E6C7AE500B53283 /* LeftPanel.swift in Sources */,
				6BF767FC2E6C7AE500B53283 /* MiddlePanel.swift in Sources */,
				6BF767FD2E6C7AE500B53283 /* RightPanel.swift in Sources */,
				6BF998202E70BDDD007554DC /* Message.swift in Sources */,
				6BF998172E70BDC6007554DC /* DatabaseService.swift in Sources */,
				6BF9981F2E70BDDD007554DC /* CalendarEvent.swift in Sources */,
				6BF767FE2E6C7AE500B53283 /* NavigationItem.swift in Sources */,
				8FB2FF2BA24341FFABAFD034 /* TaskList.swift in Sources */,
				70720F6866654CAEAB6C6D1B /* AddTaskSheet.swift in Sources */,
				30DB2B7004574D2380892CCD /* TaskViewModel.swift in Sources */,
			);
			runOnlyForDeploymentPostprocessing = 0;
		};
		6BF767D62E6C7AE300B53283 /* Sources */ = {
			isa = PBXSourcesBuildPhase;
			buildActionMask = 2147483647;
			files = (
				6BF767DF2E6C7AE300B53283 /* Ready_nativeTests.swift in Sources */,
			);
			runOnlyForDeploymentPostprocessing = 0;
		};
		6BF767E02E6C7AE300B53283 /* Sources */ = {
			isa = PBXSourcesBuildPhase;
			buildActionMask = 2147483647;
			files = (
				6BF767E92E6C7AE300B53283 /* Ready_nativeUITests.swift in Sources */,
				6BF767EB2E6C7AE300B53283 /* Ready_nativeUITestsLaunchTests.swift in Sources */,
			);
			runOnlyForDeploymentPostprocessing = 0;
		};
/* End PBXSourcesBuildPhase section */

/* Begin PBXTargetDependency section */
		6BF767DC2E6C7AE300B53283 /* PBXTargetDependency */ = {
			isa = PBXTargetDependency;
			target = 6BF767C82E6C7AE100B53283 /* Ready-native */;
			targetProxy = 6BF767DB2E6C7AE300B53283 /* PBXContainerItemProxy */;
		};
		6BF767E62E6C7AE300B53283 /* PBXTargetDependency */ = {
			isa = PBXTargetDependency;
			target = 6BF767C82E6C7AE100B53283 /* Ready-native */;
			targetProxy = 6BF767E52E6C7AE300B53283 /* PBXContainerItemProxy */;
		};
/* End PBXTargetDependency section */

/* Begin XCBuildConfiguration section */
		6BF767EC2E6C7AE300B53283 /* Debug */ = {
			isa = XCBuildConfiguration;
			buildSettings = {
				ALWAYS_SEARCH_USER_PATHS = NO;
				ASSETCATALOG_COMPILER_GENERATE_SWIFT_ASSET_SYMBOL_EXTENSIONS = YES;
				CLANG_ANALYZER_NONNULL = YES;
				CLANG_ANALYZER_NUMBER_OBJECT_CONVERSION = YES_AGGRESSIVE;
				CLANG_CXX_LANGUAGE_STANDARD = "gnu++20";
				CLANG_ENABLE_MODULES = YES;
				CLANG_ENABLE_OBJC_ARC = YES;
				CLANG_ENABLE_OBJC_WEAK = YES;
				CLANG_WARN_BLOCK_CAPTURE_AUTORELEASING = YES;
				CLANG_WARN_BOOL_CONVERSION = YES;
				CLANG_WARN_COMMA = YES;
				CLANG_WARN_CONSTANT_CONVERSION = YES;
				CLANG_WARN_DEPRECATED_OBJC_IMPLEMENTATIONS = YES;
				CLANG_WARN_DIRECT_OBJC_ISA_USAGE = YES_ERROR;
				CLANG_WARN_DOCUMENTATION_COMMENTS = YES;
				CLANG_WARN_EMPTY_BODY = YES;
				CLANG_WARN_ENUM_CONVERSION = YES;
				CLANG_WARN_INFINITE_RECURSION = YES;
				CLANG_WARN_INT_CONVERSION = YES;
				CLANG_WARN_NON_LITERAL_NULL_CONVERSION = YES;
				CLANG_WARN_OBJC_IMPLICIT_RETAIN_SELF = YES;
				CLANG_WARN_OBJC_LITERAL_CONVERSION = YES;
				CLANG_WARN_OBJC_ROOT_CLASS = YES_ERROR;
				CLANG_WARN_QUOTED_INCLUDE_IN_FRAMEWORK_HEADER = YES;
				CLANG_WARN_RANGE_LOOP_ANALYSIS = YES;
				CLANG_WARN_STRICT_PROTOTYPES = YES;
				CLANG_WARN_SUSPICIOUS_MOVE = YES;
				CLANG_WARN_UNGUARDED_AVAILABILITY = YES_AGGRESSIVE;
				CLANG_WARN_UNREACHABLE_CODE = YES;
				CLANG_WARN__DUPLICATE_METHOD_MATCH = YES;
				COPY_PHASE_STRIP = NO;
				DEBUG_INFORMATION_FORMAT = dwarf;
				ENABLE_STRICT_OBJC_MSGSEND = YES;
				ENABLE_TESTABILITY = YES;
				ENABLE_USER_SCRIPT_SANDBOXING = YES;
				GCC_C_LANGUAGE_STANDARD = gnu17;
				GCC_DYNAMIC_NO_PIC = NO;
				GCC_NO_COMMON_BLOCKS = YES;
				GCC_OPTIMIZATION_LEVEL = 0;
				GCC_PREPROCESSOR_DEFINITIONS = (
					"DEBUG=1",
					"$(inherited)",
				);
				GCC_WARN_64_TO_32_BIT_CONVERSION = YES;
				GCC_WARN_ABOUT_RETURN_TYPE = YES_ERROR;
				GCC_WARN_UNDECLARED_SELECTOR = YES;
				GCC_WARN_UNINITIALIZED_AUTOS = YES_AGGRESSIVE;
				GCC_WARN_UNUSED_FUNCTION = YES;
				GCC_WARN_UNUSED_VARIABLE = YES;
				LOCALIZATION_PREFERS_STRING_CATALOGS = YES;
				MACOSX_DEPLOYMENT_TARGET = 14.5;
				MTL_ENABLE_DEBUG_INFO = INCLUDE_SOURCE;
				MTL_FAST_MATH = YES;
				ONLY_ACTIVE_ARCH = YES;
				SDKROOT = macosx;
				SWIFT_ACTIVE_COMPILATION_CONDITIONS = "DEBUG $(inherited)";
				SWIFT_OPTIMIZATION_LEVEL = "-Onone";
			};
			name = Debug;
		};
		6BF767ED2E6C7AE300B53283 /* Release */ = {
			isa = XCBuildConfiguration;
			buildSettings = {
				ALWAYS_SEARCH_USER_PATHS = NO;
				ASSETCATALOG_COMPILER_GENERATE_SWIFT_ASSET_SYMBOL_EXTENSIONS = YES;
				CLANG_ANALYZER_NONNULL = YES;
				CLANG_ANALYZER_NUMBER_OBJECT_CONVERSION = YES_AGGRESSIVE;
				CLANG_CXX_LANGUAGE_STANDARD = "gnu++20";
				CLANG_ENABLE_MODULES = YES;
				CLANG_ENABLE_OBJC_ARC = YES;
				CLANG_ENABLE_OBJC_WEAK = YES;
				CLANG_WARN_BLOCK_CAPTURE_AUTORELEASING = YES;
				CLANG_WARN_BOOL_CONVERSION = YES;
				CLANG_WARN_COMMA = YES;
				CLANG_WARN_CONSTANT_CONVERSION = YES;
				CLANG_WARN_DEPRECATED_OBJC_IMPLEMENTATIONS = YES;
				CLANG_WARN_DIRECT_OBJC_ISA_USAGE = YES_ERROR;
				CLANG_WARN_DOCUMENTATION_COMMENTS = YES;
				CLANG_WARN_EMPTY_BODY = YES;
				CLANG_WARN_ENUM_CONVERSION = YES;
				CLANG_WARN_INFINITE_RECURSION = YES;
				CLANG_WARN_INT_CONVERSION = YES;
				CLANG_WARN_NON_LITERAL_NULL_CONVERSION = YES;
				CLANG_WARN_OBJC_IMPLICIT_RETAIN_SELF = YES;
				CLANG_WARN_OBJC_LITERAL_CONVERSION = YES;
				CLANG_WARN_OBJC_ROOT_CLASS = YES_ERROR;
				CLANG_WARN_QUOTED_INCLUDE_IN_FRAMEWORK_HEADER = YES;
				CLANG_WARN_RANGE_LOOP_ANALYSIS = YES;
				CLANG_WARN_STRICT_PROTOTYPES = YES;
				CLANG_WARN_SUSPICIOUS_MOVE = YES;
				CLANG_WARN_UNGUARDED_AVAILABILITY = YES_AGGRESSIVE;
				CLANG_WARN_UNREACHABLE_CODE = YES;
				CLANG_WARN__DUPLICATE_METHOD_MATCH = YES;
				COPY_PHASE_STRIP = NO;
				DEBUG_INFORMATION_FORMAT = "dwarf-with-dsym";
				ENABLE_NS_ASSERTIONS = NO;
				ENABLE_STRICT_OBJC_MSGSEND = YES;
				ENABLE_USER_SCRIPT_SANDBOXING = YES;
				GCC_C_LANGUAGE_STANDARD = gnu17;
				GCC_NO_COMMON_BLOCKS = YES;
				GCC_WARN_64_TO_32_BIT_CONVERSION = YES;
				GCC_WARN_ABOUT_RETURN_TYPE = YES_ERROR;
				GCC_WARN_UNDECLARED_SELECTOR = YES;
				GCC_WARN_UNINITIALIZED_AUTOS = YES_AGGRESSIVE;
				GCC_WARN_UNUSED_FUNCTION = YES;
				GCC_WARN_UNUSED_VARIABLE = YES;
				LOCALIZATION_PREFERS_STRING_CATALOGS = YES;
				MACOSX_DEPLOYMENT_TARGET = 14.5;
				MTL_ENABLE_DEBUG_INFO = NO;
				MTL_FAST_MATH = YES;
				SDKROOT = macosx;
				SWIFT_COMPILATION_MODE = wholemodule;
			};
			name = Release;
		};
		6BF767EF2E6C7AE400B53283 /* Debug */ = {
			isa = XCBuildConfiguration;
			buildSettings = {
				ASSETCATALOG_COMPILER_APPICON_NAME = AppIcon;
				ASSETCATALOG_COMPILER_GLOBAL_ACCENT_COLOR_NAME = AccentColor;
				CODE_SIGN_ENTITLEMENTS = "Ready-native/Ready_native.entitlements";
				CODE_SIGN_STYLE = Automatic;
				COMBINE_HIDPI_IMAGES = YES;
				CURRENT_PROJECT_VERSION = 1;
				DEVELOPMENT_ASSET_PATHS = "\"Ready-native/Preview Content\"";
				DEVELOPMENT_TEAM = 2KVV3679ZK;
				ENABLE_HARDENED_RUNTIME = YES;
				ENABLE_PREVIEWS = YES;
				GENERATE_INFOPLIST_FILE = YES;
				INFOPLIST_KEY_CFBundleDisplayName = Ready;
				INFOPLIST_KEY_NSHumanReadableCopyright = "";
				LD_RUNPATH_SEARCH_PATHS = (
					"$(inherited)",
					"@executable_path/../Frameworks",
				);
				MARKETING_VERSION = 1.0;
				PRODUCT_BUNDLE_IDENTIFIER = "ready.Ready-native";
				PRODUCT_NAME = Ready;
				SWIFT_EMIT_LOC_STRINGS = YES;
				SWIFT_VERSION = 5.0;
			};
			name = Debug;
		};
		6BF767F02E6C7AE400B53283 /* Release */ = {
			isa = XCBuildConfiguration;
			buildSettings = {
				ASSETCATALOG_COMPILER_APPICON_NAME = AppIcon;
				ASSETCATALOG_COMPILER_GLOBAL_ACCENT_COLOR_NAME = AccentColor;
				CODE_SIGN_ENTITLEMENTS = "Ready-native/Ready_native.entitlements";
				CODE_SIGN_STYLE = Automatic;
				COMBINE_HIDPI_IMAGES = YES;
				CURRENT_PROJECT_VERSION = 1;
				DEVELOPMENT_ASSET_PATHS = "\"Ready-native/Preview Content\"";
				DEVELOPMENT_TEAM = 2KVV3679ZK;
				ENABLE_HARDENED_RUNTIME = YES;
				ENABLE_PREVIEWS = YES;
				GENERATE_INFOPLIST_FILE = YES;
				INFOPLIST_KEY_CFBundleDisplayName = Ready;
				INFOPLIST_KEY_NSHumanReadableCopyright = "";
				LD_RUNPATH_SEARCH_PATHS = (
					"$(inherited)",
					"@executable_path/../Frameworks",
				);
				MARKETING_VERSION = 1.0;
				PRODUCT_BUNDLE_IDENTIFIER = "ready.Ready-native";
				PRODUCT_NAME = Ready;
				SWIFT_EMIT_LOC_STRINGS = YES;
				SWIFT_VERSION = 5.0;
			};
			name = Release;
		};
		6BF767F22E6C7AE400B53283 /* Debug */ = {
			isa = XCBuildConfiguration;
			buildSettings = {
				ALWAYS_EMBED_SWIFT_STANDARD_LIBRARIES = YES;
				BUNDLE_LOADER = "$(TEST_HOST)";
				CODE_SIGN_STYLE = Automatic;
				CURRENT_PROJECT_VERSION = 1;
				DEVELOPMENT_TEAM = 2KVV3679ZK;
				GENERATE_INFOPLIST_FILE = YES;
				MACOSX_DEPLOYMENT_TARGET = 14.5;
				MARKETING_VERSION = 1.0;
				PRODUCT_BUNDLE_IDENTIFIER = "ready.Ready-nativeTests";
				PRODUCT_NAME = "$(TARGET_NAME)";
				SWIFT_EMIT_LOC_STRINGS = NO;
				SWIFT_VERSION = 5.0;
				TEST_HOST = "$(BUILT_PRODUCTS_DIR)/Ready-native.app/$(BUNDLE_EXECUTABLE_FOLDER_PATH)/Ready-native";
			};
			name = Debug;
		};
		6BF767F32E6C7AE400B53283 /* Release */ = {
			isa = XCBuildConfiguration;
			buildSettings = {
				ALWAYS_EMBED_SWIFT_STANDARD_LIBRARIES = YES;
				BUNDLE_LOADER = "$(TEST_HOST)";
				CODE_SIGN_STYLE = Automatic;
				CURRENT_PROJECT_VERSION = 1;
				DEVELOPMENT_TEAM = 2KVV3679ZK;
				GENERATE_INFOPLIST_FILE = YES;
				MACOSX_DEPLOYMENT_TARGET = 14.5;
				MARKETING_VERSION = 1.0;
				PRODUCT_BUNDLE_IDENTIFIER = "ready.Ready-nativeTests";
				PRODUCT_NAME = "$(TARGET_NAME)";
				SWIFT_EMIT_LOC_STRINGS = NO;
				SWIFT_VERSION = 5.0;
				TEST_HOST = "$(BUILT_PRODUCTS_DIR)/Ready-native.app/$(BUNDLE_EXECUTABLE_FOLDER_PATH)/Ready-native";
			};
			name = Release;
		};
		6BF767F52E6C7AE400B53283 /* Debug */ = {
			isa = XCBuildConfiguration;
			buildSettings = {
				ALWAYS_EMBED_SWIFT_STANDARD_LIBRARIES = YES;
				CODE_SIGN_STYLE = Automatic;
				CURRENT_PROJECT_VERSION = 1;
				DEVELOPMENT_TEAM = 2KVV3679ZK;
				GENERATE_INFOPLIST_FILE = YES;
				MARKETING_VERSION = 1.0;
				PRODUCT_BUNDLE_IDENTIFIER = "ready.Ready-nativeUITests";
				PRODUCT_NAME = "$(TARGET_NAME)";
				SWIFT_EMIT_LOC_STRINGS = NO;
				SWIFT_VERSION = 5.0;
				TEST_TARGET_NAME = "Ready-native";
			};
			name = Debug;
		};
		6BF767F62E6C7AE400B53283 /* Release */ = {
			isa = XCBuildConfiguration;
			buildSettings = {
				ALWAYS_EMBED_SWIFT_STANDARD_LIBRARIES = YES;
				CODE_SIGN_STYLE = Automatic;
				CURRENT_PROJECT_VERSION = 1;
				DEVELOPMENT_TEAM = 2KVV3679ZK;
				GENERATE_INFOPLIST_FILE = YES;
				MARKETING_VERSION = 1.0;
				PRODUCT_BUNDLE_IDENTIFIER = "ready.Ready-nativeUITests";
				PRODUCT_NAME = "$(TARGET_NAME)";
				SWIFT_EMIT_LOC_STRINGS = NO;
				SWIFT_VERSION = 5.0;
				TEST_TARGET_NAME = "Ready-native";
			};
			name = Release;
		};
/* End XCBuildConfiguration section */

/* Begin XCConfigurationList section */
		6BF767C42E6C7AE100B53283 /* Build configuration list for PBXProject "Ready-native" */ = {
			isa = XCConfigurationList;
			buildConfigurations = (
				6BF767EC2E6C7AE300B53283 /* Debug */,
				6BF767ED2E6C7AE300B53283 /* Release */,
			);
			defaultConfigurationIsVisible = 0;
			defaultConfigurationName = Release;
		};
		6BF767EE2E6C7AE400B53283 /* Build configuration list for PBXNativeTarget "Ready-native" */ = {
			isa = XCConfigurationList;
			buildConfigurations = (
				6BF767EF2E6C7AE400B53283 /* Debug */,
				6BF767F02E6C7AE400B53283 /* Release */,
			);
			defaultConfigurationIsVisible = 0;
			defaultConfigurationName = Release;
		};
		6BF767F12E6C7AE400B53283 /* Build configuration list for PBXNativeTarget "Ready-nativeTests" */ = {
			isa = XCConfigurationList;
			buildConfigurations = (
				6BF767F22E6C7AE400B53283 /* Debug */,
				6BF767F32E6C7AE400B53283 /* Release */,
			);
			defaultConfigurationIsVisible = 0;
			defaultConfigurationName = Release;
		};
		6BF767F42E6C7AE400B53283 /* Build configuration list for PBXNativeTarget "Ready-nativeUITests" */ = {
			isa = XCConfigurationList;
			buildConfigurations = (
				6BF767F52E6C7AE400B53283 /* Debug */,
				6BF767F62E6C7AE400B53283 /* Release */,
			);
			defaultConfigurationIsVisible = 0;
			defaultConfigurationName = Release;
		};
/* End XCConfigurationList section */

/* Begin XCRemoteSwiftPackageReference section */
		6BF998102E70BD14007554DC /* XCRemoteSwiftPackageReference "GRDB.swift" */ = {
			isa = XCRemoteSwiftPackageReference;
			repositoryURL = "https://github.com/groue/GRDB.swift.git";
			requirement = {
				kind = upToNextMajorVersion;
				minimumVersion = 5.0.0;
			};
		};
/* End XCRemoteSwiftPackageReference section */

/* Begin XCSwiftPackageProductDependency section */
		6BF998112E70BD14007554DC /* GRDB */ = {
			isa = XCSwiftPackageProductDependency;
			package = 6BF998102E70BD14007554DC /* XCRemoteSwiftPackageReference "GRDB.swift" */;
			productName = GRDB;
		};
/* End XCSwiftPackageProductDependency section */
	};
	rootObject = 6BF767C12E6C7AE100B53283 /* Project object */;
}
